{
  "pins" : [
    {
      "identity" : "kctestutil",
      "kind" : "remoteSourceControl",
      "location" : "https://github.com/hrayatnia/KCTestUtil",
      "state" : {
        "revision" : "1714bb6a3d01e9a8af2d3ad71d586e37234ed1be",
        "version" : "1.0.2"
      }
    },
    {
      "identity" : "swift-snapshot-testing",
      "kind" : "remoteSourceControl",
      "location" : "https://github.com/pointfreeco/swift-snapshot-testing",
      "state" : {
        "revision" : "f29e2014f6230cf7d5138fc899da51c7f513d467",
        "version" : "1.10.0"
      }
    }
  ],
  "version" : 2
}
